// !$*UTF8*$!
{
	archiveVersion = 1;
	classes = {
	};
	objectVersion = 50;
	objects = {

/* Begin PBXBuildFile section */
		000E588AD897E77C10D468C1 /* Pods_flixster2Tests.framework in Frameworks */ = {isa = PBXBuildFile; fileRef = B88A0BBDFAC7D5B71B2DA97B /* Pods_flixster2Tests.framework */; };
		64606A8225DCCE4A00AA1191 /* AppDelegate.swift in Sources */ = {isa = PBXBuildFile; fileRef = 64606A8125DCCE4A00AA1191 /* AppDelegate.swift */; };
		64606A8425DCCE4A00AA1191 /* SceneDelegate.swift in Sources */ = {isa = PBXBuildFile; fileRef = 64606A8325DCCE4A00AA1191 /* SceneDelegate.swift */; };
		64606A8925DCCE4A00AA1191 /* Main.storyboard in Resources */ = {isa = PBXBuildFile; fileRef = 64606A8725DCCE4A00AA1191 /* Main.storyboard */; };
		64606A8B25DCCE4A00AA1191 /* Assets.xcassets in Resources */ = {isa = PBXBuildFile; fileRef = 64606A8A25DCCE4A00AA1191 /* Assets.xcassets */; };
		64606A8E25DCCE4A00AA1191 /* LaunchScreen.storyboard in Resources */ = {isa = PBXBuildFile; fileRef = 64606A8C25DCCE4A00AA1191 /* LaunchScreen.storyboard */; };
		64606A9925DCCE4A00AA1191 /* flixster2Tests.swift in Sources */ = {isa = PBXBuildFile; fileRef = 64606A9825DCCE4A00AA1191 /* flixster2Tests.swift */; };
		64606AA425DCCE4A00AA1191 /* flixster2UITests.swift in Sources */ = {isa = PBXBuildFile; fileRef = 64606AA325DCCE4A00AA1191 /* flixster2UITests.swift */; };
		64606AB825DCCF9A00AA1191 /* MoviesViewController.swift in Sources */ = {isa = PBXBuildFile; fileRef = 64606AB725DCCF9A00AA1191 /* MoviesViewController.swift */; };
		64606ABD25DDFCCD00AA1191 /* MovieCell.swift in Sources */ = {isa = PBXBuildFile; fileRef = 64606ABC25DDFCCD00AA1191 /* MovieCell.swift */; };
		B2EA09AE69E3F8D800606F12 /* Pods_flixster2_flixster2UITests.framework in Frameworks */ = {isa = PBXBuildFile; fileRef = 29B91831C72F93109688A0FC /* Pods_flixster2_flixster2UITests.framework */; };
		C6F3B8C2FE87CCE49DB6F942 /* Pods_flixster2.framework in Frameworks */ = {isa = PBXBuildFile; fileRef = 05126AEF58F5DD16EF994B9D /* Pods_flixster2.framework */; };
/* End PBXBuildFile section */

/* Begin PBXContainerItemProxy section */
		64606A9525DCCE4A00AA1191 /* PBXContainerItemProxy */ = {
			isa = PBXContainerItemProxy;
			containerPortal = 64606A7625DCCE4A00AA1191 /* Project object */;
			proxyType = 1;
			remoteGlobalIDString = 64606A7D25DCCE4A00AA1191;
			remoteInfo = flixster2;
		};
		64606AA025DCCE4A00AA1191 /* PBXContainerItemProxy */ = {
			isa = PBXContainerItemProxy;
			containerPortal = 64606A7625DCCE4A00AA1191 /* Project object */;
			proxyType = 1;
			remoteGlobalIDString = 64606A7D25DCCE4A00AA1191;
			remoteInfo = flixster2;
		};
/* End PBXContainerItemProxy section */

/* Begin PBXFileReference section */
		05126AEF58F5DD16EF994B9D /* Pods_flixster2.framework */ = {isa = PBXFileReference; explicitFileType = wrapper.framework; includeInIndex = 0; path = Pods_flixster2.framework; sourceTree = BUILT_PRODUCTS_DIR; };
		29B91831C72F93109688A0FC /* Pods_flixster2_flixster2UITests.framework */ = {isa = PBXFileReference; explicitFileType = wrapper.framework; includeInIndex = 0; path = Pods_flixster2_flixster2UITests.framework; sourceTree = BUILT_PRODUCTS_DIR; };
		4EB57C472838A063BC973C07 /* Pods-flixster2Tests.release.xcconfig */ = {isa = PBXFileReference; includeInIndex = 1; lastKnownFileType = text.xcconfig; name = "Pods-flixster2Tests.release.xcconfig"; path = "Target Support Files/Pods-flixster2Tests/Pods-flixster2Tests.release.xcconfig"; sourceTree = "<group>"; };
		5B7E49C573200C5D16D2E6CF /* Pods-flixster2.release.xcconfig */ = {isa = PBXFileReference; includeInIndex = 1; lastKnownFileType = text.xcconfig; name = "Pods-flixster2.release.xcconfig"; path = "Target Support Files/Pods-flixster2/Pods-flixster2.release.xcconfig"; sourceTree = "<group>"; };
		6042491BCD853A2AE310E73E /* Pods-flixster2Tests.debug.xcconfig */ = {isa = PBXFileReference; includeInIndex = 1; lastKnownFileType = text.xcconfig; name = "Pods-flixster2Tests.debug.xcconfig"; path = "Target Support Files/Pods-flixster2Tests/Pods-flixster2Tests.debug.xcconfig"; sourceTree = "<group>"; };
		64606A7E25DCCE4A00AA1191 /* flixster2.app */ = {isa = PBXFileReference; explicitFileType = wrapper.application; includeInIndex = 0; path = flixster2.app; sourceTree = BUILT_PRODUCTS_DIR; };
		64606A8125DCCE4A00AA1191 /* AppDelegate.swift */ = {isa = PBXFileReference; lastKnownFileType = sourcecode.swift; path = AppDelegate.swift; sourceTree = "<group>"; };
		64606A8325DCCE4A00AA1191 /* SceneDelegate.swift */ = {isa = PBXFileReference; lastKnownFileType = sourcecode.swift; path = SceneDelegate.swift; sourceTree = "<group>"; };
		64606A8825DCCE4A00AA1191 /* Base */ = {isa = PBXFileReference; lastKnownFileType = file.storyboard; name = Base; path = Base.lproj/Main.storyboard; sourceTree = "<group>"; };
		64606A8A25DCCE4A00AA1191 /* Assets.xcassets */ = {isa = PBXFileReference; lastKnownFileType = folder.assetcatalog; path = Assets.xcassets; sourceTree = "<group>"; };
		64606A8D25DCCE4A00AA1191 /* Base */ = {isa = PBXFileReference; lastKnownFileType = file.storyboard; name = Base; path = Base.lproj/LaunchScreen.storyboard; sourceTree = "<group>"; };
		64606A8F25DCCE4A00AA1191 /* Info.plist */ = {isa = PBXFileReference; lastKnownFileType = text.plist.xml; path = Info.plist; sourceTree = "<group>"; };
		64606A9425DCCE4A00AA1191 /* flixster2Tests.xctest */ = {isa = PBXFileReference; explicitFileType = wrapper.cfbundle; includeInIndex = 0; path = flixster2Tests.xctest; sourceTree = BUILT_PRODUCTS_DIR; };
		64606A9825DCCE4A00AA1191 /* flixster2Tests.swift */ = {isa = PBXFileReference; lastKnownFileType = sourcecode.swift; path = flixster2Tests.swift; sourceTree = "<group>"; };
		64606A9A25DCCE4A00AA1191 /* Info.plist */ = {isa = PBXFileReference; lastKnownFileType = text.plist.xml; path = Info.plist; sourceTree = "<group>"; };
		64606A9F25DCCE4A00AA1191 /* flixster2UITests.xctest */ = {isa = PBXFileReference; explicitFileType = wrapper.cfbundle; includeInIndex = 0; path = flixster2UITests.xctest; sourceTree = BUILT_PRODUCTS_DIR; };
		64606AA325DCCE4A00AA1191 /* flixster2UITests.swift */ = {isa = PBXFileReference; lastKnownFileType = sourcecode.swift; path = flixster2UITests.swift; sourceTree = "<group>"; };
		64606AA525DCCE4A00AA1191 /* Info.plist */ = {isa = PBXFileReference; lastKnownFileType = text.plist.xml; path = Info.plist; sourceTree = "<group>"; };
		64606AB725DCCF9A00AA1191 /* MoviesViewController.swift */ = {isa = PBXFileReference; lastKnownFileType = sourcecode.swift; path = MoviesViewController.swift; sourceTree = "<group>"; };
		64606ABC25DDFCCD00AA1191 /* MovieCell.swift */ = {isa = PBXFileReference; lastKnownFileType = sourcecode.swift; path = MovieCell.swift; sourceTree = "<group>"; };
		9BD2B9B41B48B09E10EC9F98 /* Pods-flixster2.debug.xcconfig */ = {isa = PBXFileReference; includeInIndex = 1; lastKnownFileType = text.xcconfig; name = "Pods-flixster2.debug.xcconfig"; path = "Target Support Files/Pods-flixster2/Pods-flixster2.debug.xcconfig"; sourceTree = "<group>"; };
		B88A0BBDFAC7D5B71B2DA97B /* Pods_flixster2Tests.framework */ = {isa = PBXFileReference; explicitFileType = wrapper.framework; includeInIndex = 0; path = Pods_flixster2Tests.framework; sourceTree = BUILT_PRODUCTS_DIR; };
		D907AE9F7567E62717B2A3D4 /* Pods-flixster2-flixster2UITests.release.xcconfig */ = {isa = PBXFileReference; includeInIndex = 1; lastKnownFileType = text.xcconfig; name = "Pods-flixster2-flixster2UITests.release.xcconfig"; path = "Target Support Files/Pods-flixster2-flixster2UITests/Pods-flixster2-flixster2UITests.release.xcconfig"; sourceTree = "<group>"; };
		DD97B050CA2E0E549F57760B /* Pods-flixster2-flixster2UITests.debug.xcconfig */ = {isa = PBXFileReference; includeInIndex = 1; lastKnownFileType = text.xcconfig; name = "Pods-flixster2-flixster2UITests.debug.xcconfig"; path = "Target Support Files/Pods-flixster2-flixster2UITests/Pods-flixster2-flixster2UITests.debug.xcconfig"; sourceTree = "<group>"; };
/* End PBXFileReference section */

/* Begin PBXFrameworksBuildPhase section */
		64606A7B25DCCE4A00AA1191 /* Frameworks */ = {
			isa = PBXFrameworksBuildPhase;
			buildActionMask = 2147483647;
			files = (
				C6F3B8C2FE87CCE49DB6F942 /* Pods_flixster2.framework in Frameworks */,
			);
			runOnlyForDeploymentPostprocessing = 0;
		};
		64606A9125DCCE4A00AA1191 /* Frameworks */ = {
			isa = PBXFrameworksBuildPhase;
			buildActionMask = 2147483647;
			files = (
				000E588AD897E77C10D468C1 /* Pods_flixster2Tests.framework in Frameworks */,
			);
			runOnlyForDeploymentPostprocessing = 0;
		};
		64606A9C25DCCE4A00AA1191 /* Frameworks */ = {
			isa = PBXFrameworksBuildPhase;
			buildActionMask = 2147483647;
			files = (
				B2EA09AE69E3F8D800606F12 /* Pods_flixster2_flixster2UITests.framework in Frameworks */,
			);
			runOnlyForDeploymentPostprocessing = 0;
		};
/* End PBXFrameworksBuildPhase section */

/* Begin PBXGroup section */
		58523A1F3040F17BA94AC82B /* Frameworks */ = {
			isa = PBXGroup;
			children = (
				05126AEF58F5DD16EF994B9D /* Pods_flixster2.framework */,
				29B91831C72F93109688A0FC /* Pods_flixster2_flixster2UITests.framework */,
				B88A0BBDFAC7D5B71B2DA97B /* Pods_flixster2Tests.framework */,
			);
			name = Frameworks;
			sourceTree = "<group>";
		};
		64606A7525DCCE4A00AA1191 = {
			isa = PBXGroup;
			children = (
				64606A8025DCCE4A00AA1191 /* flixster2 */,
				64606A9725DCCE4A00AA1191 /* flixster2Tests */,
				64606AA225DCCE4A00AA1191 /* flixster2UITests */,
				64606A7F25DCCE4A00AA1191 /* Products */,
				C6493CDABAE7780B404C6CFB /* Pods */,
				58523A1F3040F17BA94AC82B /* Frameworks */,
			);
			sourceTree = "<group>";
		};
		64606A7F25DCCE4A00AA1191 /* Products */ = {
			isa = PBXGroup;
			children = (
				64606A7E25DCCE4A00AA1191 /* flixster2.app */,
				64606A9425DCCE4A00AA1191 /* flixster2Tests.xctest */,
				64606A9F25DCCE4A00AA1191 /* flixster2UITests.xctest */,
			);
			name = Products;
			sourceTree = "<group>";
		};
		64606A8025DCCE4A00AA1191 /* flixster2 */ = {
			isa = PBXGroup;
			children = (
				64606A8125DCCE4A00AA1191 /* AppDelegate.swift */,
				64606A8325DCCE4A00AA1191 /* SceneDelegate.swift */,
				64606A8725DCCE4A00AA1191 /* Main.storyboard */,
				64606A8A25DCCE4A00AA1191 /* Assets.xcassets */,
				64606A8C25DCCE4A00AA1191 /* LaunchScreen.storyboard */,
				64606A8F25DCCE4A00AA1191 /* Info.plist */,
				64606AB725DCCF9A00AA1191 /* MoviesViewController.swift */,
				64606ABC25DDFCCD00AA1191 /* MovieCell.swift */,
			);
			path = flixster2;
			sourceTree = "<group>";
		};
		64606A9725DCCE4A00AA1191 /* flixster2Tests */ = {
			isa = PBXGroup;
			children = (
				64606A9825DCCE4A00AA1191 /* flixster2Tests.swift */,
				64606A9A25DCCE4A00AA1191 /* Info.plist */,
			);
			path = flixster2Tests;
			sourceTree = "<group>";
		};
		64606AA225DCCE4A00AA1191 /* flixster2UITests */ = {
			isa = PBXGroup;
			children = (
				64606AA325DCCE4A00AA1191 /* flixster2UITests.swift */,
				64606AA525DCCE4A00AA1191 /* Info.plist */,
			);
			path = flixster2UITests;
			sourceTree = "<group>";
		};
		C6493CDABAE7780B404C6CFB /* Pods */ = {
			isa = PBXGroup;
			children = (
				9BD2B9B41B48B09E10EC9F98 /* Pods-flixster2.debug.xcconfig */,
				5B7E49C573200C5D16D2E6CF /* Pods-flixster2.release.xcconfig */,
				DD97B050CA2E0E549F57760B /* Pods-flixster2-flixster2UITests.debug.xcconfig */,
				D907AE9F7567E62717B2A3D4 /* Pods-flixster2-flixster2UITests.release.xcconfig */,
				6042491BCD853A2AE310E73E /* Pods-flixster2Tests.debug.xcconfig */,
				4EB57C472838A063BC973C07 /* Pods-flixster2Tests.release.xcconfig */,
			);
			name = Pods;
			path = Pods;
			sourceTree = "<group>";
		};
/* End PBXGroup section */

/* Begin PBXNativeTarget section */
		64606A7D25DCCE4A00AA1191 /* flixster2 */ = {
			isa = PBXNativeTarget;
			buildConfigurationList = 64606AA825DCCE4A00AA1191 /* Build configuration list for PBXNativeTarget "flixster2" */;
			buildPhases = (
				26EE68F2BC40351D12E883E1 /* [CP] Check Pods Manifest.lock */,
				64606A7A25DCCE4A00AA1191 /* Sources */,
				64606A7B25DCCE4A00AA1191 /* Frameworks */,
				64606A7C25DCCE4A00AA1191 /* Resources */,
				0B56A85D62D60C7B12AAEB96 /* [CP] Embed Pods Frameworks */,
			);
			buildRules = (
			);
			dependencies = (
			);
			name = flixster2;
			productName = flixster2;
			productReference = 64606A7E25DCCE4A00AA1191 /* flixster2.app */;
			productType = "com.apple.product-type.application";
		};
		64606A9325DCCE4A00AA1191 /* flixster2Tests */ = {
			isa = PBXNativeTarget;
			buildConfigurationList = 64606AAB25DCCE4B00AA1191 /* Build configuration list for PBXNativeTarget "flixster2Tests" */;
			buildPhases = (
				31998ADFAB50FB3932DBEAF9 /* [CP] Check Pods Manifest.lock */,
				64606A9025DCCE4A00AA1191 /* Sources */,
				64606A9125DCCE4A00AA1191 /* Frameworks */,
				64606A9225DCCE4A00AA1191 /* Resources */,
			);
			buildRules = (
			);
			dependencies = (
				64606A9625DCCE4A00AA1191 /* PBXTargetDependency */,
			);
			name = flixster2Tests;
			productName = flixster2Tests;
			productReference = 64606A9425DCCE4A00AA1191 /* flixster2Tests.xctest */;
			productType = "com.apple.product-type.bundle.unit-test";
		};
		64606A9E25DCCE4A00AA1191 /* flixster2UITests */ = {
			isa = PBXNativeTarget;
			buildConfigurationList = 64606AAE25DCCE4B00AA1191 /* Build configuration list for PBXNativeTarget "flixster2UITests" */;
			buildPhases = (
				A68FFD2104C9C2E5B8073599 /* [CP] Check Pods Manifest.lock */,
				64606A9B25DCCE4A00AA1191 /* Sources */,
				64606A9C25DCCE4A00AA1191 /* Frameworks */,
				64606A9D25DCCE4A00AA1191 /* Resources */,
				52171862BEA5E841ABDBCD96 /* [CP] Embed Pods Frameworks */,
			);
			buildRules = (
			);
			dependencies = (
				64606AA125DCCE4A00AA1191 /* PBXTargetDependency */,
			);
			name = flixster2UITests;
			productName = flixster2UITests;
			productReference = 64606A9F25DCCE4A00AA1191 /* flixster2UITests.xctest */;
			productType = "com.apple.product-type.bundle.ui-testing";
		};
/* End PBXNativeTarget section */

/* Begin PBXProject section */
		64606A7625DCCE4A00AA1191 /* Project object */ = {
			isa = PBXProject;
			attributes = {
				LastSwiftUpdateCheck = 1240;
				LastUpgradeCheck = 1240;
				TargetAttributes = {
					64606A7D25DCCE4A00AA1191 = {
						CreatedOnToolsVersion = 12.4;
					};
					64606A9325DCCE4A00AA1191 = {
						CreatedOnToolsVersion = 12.4;
						TestTargetID = 64606A7D25DCCE4A00AA1191;
					};
					64606A9E25DCCE4A00AA1191 = {
						CreatedOnToolsVersion = 12.4;
						TestTargetID = 64606A7D25DCCE4A00AA1191;
					};
				};
			};
			buildConfigurationList = 64606A7925DCCE4A00AA1191 /* Build configuration list for PBXProject "flixster2" */;
			compatibilityVersion = "Xcode 9.3";
			developmentRegion = en;
			hasScannedForEncodings = 0;
			knownRegions = (
				en,
				Base,
			);
			mainGroup = 64606A7525DCCE4A00AA1191;
			productRefGroup = 64606A7F25DCCE4A00AA1191 /* Products */;
			projectDirPath = "";
			projectRoot = "";
			targets = (
				64606A7D25DCCE4A00AA1191 /* flixster2 */,
				64606A9325DCCE4A00AA1191 /* flixster2Tests */,
				64606A9E25DCCE4A00AA1191 /* flixster2UITests */,
			);
		};
/* End PBXProject section */

/* Begin PBXResourcesBuildPhase section */
		64606A7C25DCCE4A00AA1191 /* Resources */ = {
			isa = PBXResourcesBuildPhase;
			buildActionMask = 2147483647;
			files = (
				64606A8E25DCCE4A00AA1191 /* LaunchScreen.storyboard in Resources */,
				64606A8B25DCCE4A00AA1191 /* Assets.xcassets in Resources */,
				64606A8925DCCE4A00AA1191 /* Main.storyboard in Resources */,
			);
			runOnlyForDeploymentPostprocessing = 0;
		};
		64606A9225DCCE4A00AA1191 /* Resources */ = {
			isa = PBXResourcesBuildPhase;
			buildActionMask = 2147483647;
			files = (
			);
			runOnlyForDeploymentPostprocessing = 0;
		};
		64606A9D25DCCE4A00AA1191 /* Resources */ = {
			isa = PBXResourcesBuildPhase;
			buildActionMask = 2147483647;
			files = (
			);
			runOnlyForDeploymentPostprocessing = 0;
		};
/* End PBXResourcesBuildPhase section */

/* Begin PBXShellScriptBuildPhase section */
		0B56A85D62D60C7B12AAEB96 /* [CP] Embed Pods Frameworks */ = {
			isa = PBXShellScriptBuildPhase;
			buildActionMask = 2147483647;
			files = (
			);
			inputFileListPaths = (
				"${PODS_ROOT}/Target Support Files/Pods-flixster2/Pods-flixster2-frameworks-${CONFIGURATION}-input-files.xcfilelist",
			);
			name = "[CP] Embed Pods Frameworks";
			outputFileListPaths = (
				"${PODS_ROOT}/Target Support Files/Pods-flixster2/Pods-flixster2-frameworks-${CONFIGURATION}-output-files.xcfilelist",
			);
			runOnlyForDeploymentPostprocessing = 0;
			shellPath = /bin/sh;
			shellScript = "\"${PODS_ROOT}/Target Support Files/Pods-flixster2/Pods-flixster2-frameworks.sh\"\n";
			showEnvVarsInLog = 0;
		};
		26EE68F2BC40351D12E883E1 /* [CP] Check Pods Manifest.lock */ = {
			isa = PBXShellScriptBuildPhase;
			buildActionMask = 2147483647;
			files = (
			);
			inputFileListPaths = (
			);
			inputPaths = (
				"${PODS_PODFILE_DIR_PATH}/Podfile.lock",
				"${PODS_ROOT}/Manifest.lock",
			);
			name = "[CP] Check Pods Manifest.lock";
			outputFileListPaths = (
			);
			outputPaths = (
				"$(DERIVED_FILE_DIR)/Pods-flixster2-checkManifestLockResult.txt",
			);
			runOnlyForDeploymentPostprocessing = 0;
			shellPath = /bin/sh;
			shellScript = "diff \"${PODS_PODFILE_DIR_PATH}/Podfile.lock\" \"${PODS_ROOT}/Manifest.lock\" > /dev/null\nif [ $? != 0 ] ; then\n    # print error to STDERR\n    echo \"error: The sandbox is not in sync with the Podfile.lock. Run 'pod install' or update your CocoaPods installation.\" >&2\n    exit 1\nfi\n# This output is used by Xcode 'outputs' to avoid re-running this script phase.\necho \"SUCCESS\" > \"${SCRIPT_OUTPUT_FILE_0}\"\n";
			showEnvVarsInLog = 0;
		};
		31998ADFAB50FB3932DBEAF9 /* [CP] Check Pods Manifest.lock */ = {
			isa = PBXShellScriptBuildPhase;
			buildActionMask = 2147483647;
			files = (
			);
			inputFileListPaths = (
			);
			inputPaths = (
				"${PODS_PODFILE_DIR_PATH}/Podfile.lock",
				"${PODS_ROOT}/Manifest.lock",
			);
			name = "[CP] Check Pods Manifest.lock";
			outputFileListPaths = (
			);
			outputPaths = (
				"$(DERIVED_FILE_DIR)/Pods-flixster2Tests-checkManifestLockResult.txt",
			);
			runOnlyForDeploymentPostprocessing = 0;
			shellPath = /bin/sh;
			shellScript = "diff \"${PODS_PODFILE_DIR_PATH}/Podfile.lock\" \"${PODS_ROOT}/Manifest.lock\" > /dev/null\nif [ $? != 0 ] ; then\n    # print error to STDERR\n    echo \"error: The sandbox is not in sync with the Podfile.lock. Run 'pod install' or update your CocoaPods installation.\" >&2\n    exit 1\nfi\n# This output is used by Xcode 'outputs' to avoid re-running this script phase.\necho \"SUCCESS\" > \"${SCRIPT_OUTPUT_FILE_0}\"\n";
			showEnvVarsInLog = 0;
		};
		52171862BEA5E841ABDBCD96 /* [CP] Embed Pods Frameworks */ = {
			isa = PBXShellScriptBuildPhase;
			buildActionMask = 2147483647;
			files = (
			);
			inputFileListPaths = (
				"${PODS_ROOT}/Target Support Files/Pods-flixster2-flixster2UITests/Pods-flixster2-flixster2UITests-frameworks-${CONFIGURATION}-input-files.xcfilelist",
			);
			name = "[CP] Embed Pods Frameworks";
			outputFileListPaths = (
				"${PODS_ROOT}/Target Support Files/Pods-flixster2-flixster2UITests/Pods-flixster2-flixster2UITests-frameworks-${CONFIGURATION}-output-files.xcfilelist",
			);
			runOnlyForDeploymentPostprocessing = 0;
			shellPath = /bin/sh;
			shellScript = "\"${PODS_ROOT}/Target Support Files/Pods-flixster2-flixster2UITests/Pods-flixster2-flixster2UITests-frameworks.sh\"\n";
			showEnvVarsInLog = 0;
		};
		A68FFD2104C9C2E5B8073599 /* [CP] Check Pods Manifest.lock */ = {
			isa = PBXShellScriptBuildPhase;
			buildActionMask = 2147483647;
			files = (
			);
			inputFileListPaths = (
			);
			inputPaths = (
				"${PODS_PODFILE_DIR_PATH}/Podfile.lock",
				"${PODS_ROOT}/Manifest.lock",
			);
			name = "[CP] Check Pods Manifest.lock";
			outputFileListPaths = (
			);
			outputPaths = (
				"$(DERIVED_FILE_DIR)/Pods-flixster2-flixster2UITests-checkManifestLockResult.txt",
			);
			runOnlyForDeploymentPostprocessing = 0;
			shellPath = /bin/sh;
			shellScript = "diff \"${PODS_PODFILE_DIR_PATH}/Podfile.lock\" \"${PODS_ROOT}/Manifest.lock\" > /dev/null\nif [ $? != 0 ] ; then\n    # print error to STDERR\n    echo \"error: The sandbox is not in sync with the Podfile.lock. Run 'pod install' or update your CocoaPods installation.\" >&2\n    exit 1\nfi\n# This output is used by Xcode 'outputs' to avoid re-running this script phase.\necho \"SUCCESS\" > \"${SCRIPT_OUTPUT_FILE_0}\"\n";
			showEnvVarsInLog = 0;
		};
/* End PBXShellScriptBuildPhase section */

/* Begin PBXSourcesBuildPhase section */
		64606A7A25DCCE4A00AA1191 /* Sources */ = {
			isa = PBXSourcesBuildPhase;
			buildActionMask = 2147483647;
			files = (
				64606A8225DCCE4A00AA1191 /* AppDelegate.swift in Sources */,
				64606A8425DCCE4A00AA1191 /* SceneDelegate.swift in Sources */,
				64606ABD25DDFCCD00AA1191 /* MovieCell.swift in Sources */,
				64606AB825DCCF9A00AA1191 /* MoviesViewController.swift in Sources */,
			);
			runOnlyForDeploymentPostprocessing = 0;
		};
		64606A9025DCCE4A00AA1191 /* Sources */ = {
			isa = PBXSourcesBuildPhase;
			buildActionMask = 2147483647;
			files = (
				64606A9925DCCE4A00AA1191 /* flixster2Tests.swift in Sources */,
			);
			runOnlyForDeploymentPostprocessing = 0;
		};
		64606A9B25DCCE4A00AA1191 /* Sources */ = {
			isa = PBXSourcesBuildPhase;
			buildActionMask = 2147483647;
			files = (
				64606AA425DCCE4A00AA1191 /* flixster2UITests.swift in Sources */,
			);
			runOnlyForDeploymentPostprocessing = 0;
		};
/* End PBXSourcesBuildPhase section */

/* Begin PBXTargetDependency section */
		64606A9625DCCE4A00AA1191 /* PBXTargetDependency */ = {
			isa = PBXTargetDependency;
			target = 64606A7D25DCCE4A00AA1191 /* flixster2 */;
			targetProxy = 64606A9525DCCE4A00AA1191 /* PBXContainerItemProxy */;
		};
		64606AA125DCCE4A00AA1191 /* PBXTargetDependency */ = {
			isa = PBXTargetDependency;
			target = 64606A7D25DCCE4A00AA1191 /* flixster2 */;
			targetProxy = 64606AA025DCCE4A00AA1191 /* PBXContainerItemProxy */;
		};
/* End PBXTargetDependency section */

/* Begin PBXVariantGroup section */
		64606A8725DCCE4A00AA1191 /* Main.storyboard */ = {
			isa = PBXVariantGroup;
			children = (
				64606A8825DCCE4A00AA1191 /* Base */,
			);
			name = Main.storyboard;
			sourceTree = "<group>";
		};
		64606A8C25DCCE4A00AA1191 /* LaunchScreen.storyboard */ = {
			isa = PBXVariantGroup;
			children = (
				64606A8D25DCCE4A00AA1191 /* Base */,
			);
			name = LaunchScreen.storyboard;
			sourceTree = "<group>";
		};
/* End PBXVariantGroup section */

/* Begin XCBuildConfiguration section */
		64606AA625DCCE4A00AA1191 /* Debug */ = {
			isa = XCBuildConfiguration;
			buildSettings = {
				ALWAYS_SEARCH_USER_PATHS = NO;
				CLANG_ANALYZER_NONNULL = YES;
				CLANG_ANALYZER_NUMBER_OBJECT_CONVERSION = YES_AGGRESSIVE;
				CLANG_CXX_LANGUAGE_STANDARD = "gnu++14";
				CLANG_CXX_LIBRARY = "libc++";
				CLANG_ENABLE_MODULES = YES;
				CLANG_ENABLE_OBJC_ARC = YES;
				CLANG_ENABLE_OBJC_WEAK = YES;
				CLANG_WARN_BLOCK_CAPTURE_AUTORELEASING = YES;
				CLANG_WARN_BOOL_CONVERSION = YES;
				CLANG_WARN_COMMA = YES;
				CLANG_WARN_CONSTANT_CONVERSION = YES;
				CLANG_WARN_DEPRECATED_OBJC_IMPLEMENTATIONS = YES;
				CLANG_WARN_DIRECT_OBJC_ISA_USAGE = YES_ERROR;
				CLANG_WARN_DOCUMENTATION_COMMENTS = YES;
				CLANG_WARN_EMPTY_BODY = YES;
				CLANG_WARN_ENUM_CONVERSION = YES;
				CLANG_WARN_INFINITE_RECURSION = YES;
				CLANG_WARN_INT_CONVERSION = YES;
				CLANG_WARN_NON_LITERAL_NULL_CONVERSION = YES;
				CLANG_WARN_OBJC_IMPLICIT_RETAIN_SELF = YES;
				CLANG_WARN_OBJC_LITERAL_CONVERSION = YES;
				CLANG_WARN_OBJC_ROOT_CLASS = YES_ERROR;
				CLANG_WARN_QUOTED_INCLUDE_IN_FRAMEWORK_HEADER = YES;
				CLANG_WARN_RANGE_LOOP_ANALYSIS = YES;
				CLANG_WARN_STRICT_PROTOTYPES = YES;
				CLANG_WARN_SUSPICIOUS_MOVE = YES;
				CLANG_WARN_UNGUARDED_AVAILABILITY = YES_AGGRESSIVE;
				CLANG_WARN_UNREACHABLE_CODE = YES;
				CLANG_WARN__DUPLICATE_METHOD_MATCH = YES;
				COPY_PHASE_STRIP = NO;
				DEBUG_INFORMATION_FORMAT = dwarf;
				ENABLE_STRICT_OBJC_MSGSEND = YES;
				ENABLE_TESTABILITY = YES;
				GCC_C_LANGUAGE_STANDARD = gnu11;
				GCC_DYNAMIC_NO_PIC = NO;
				GCC_NO_COMMON_BLOCKS = YES;
				GCC_OPTIMIZATION_LEVEL = 0;
				GCC_PREPROCESSOR_DEFINITIONS = (
					"DEBUG=1",
					"$(inherited)",
				);
				GCC_WARN_64_TO_32_BIT_CONVERSION = YES;
				GCC_WARN_ABOUT_RETURN_TYPE = YES_ERROR;
				GCC_WARN_UNDECLARED_SELECTOR = YES;
				GCC_WARN_UNINITIALIZED_AUTOS = YES_AGGRESSIVE;
				GCC_WARN_UNUSED_FUNCTION = YES;
				GCC_WARN_UNUSED_VARIABLE = YES;
				IPHONEOS_DEPLOYMENT_TARGET = 14.4;
				MTL_ENABLE_DEBUG_INFO = INCLUDE_SOURCE;
				MTL_FAST_MATH = YES;
				ONLY_ACTIVE_ARCH = YES;
				SDKROOT = iphoneos;
				SWIFT_ACTIVE_COMPILATION_CONDITIONS = DEBUG;
				SWIFT_OPTIMIZATION_LEVEL = "-Onone";
			};
			name = Debug;
		};
		64606AA725DCCE4A00AA1191 /* Release */ = {
			isa = XCBuildConfiguration;
			buildSettings = {
				ALWAYS_SEARCH_USER_PATHS = NO;
				CLANG_ANALYZER_NONNULL = YES;
				CLANG_ANALYZER_NUMBER_OBJECT_CONVERSION = YES_AGGRESSIVE;
				CLANG_CXX_LANGUAGE_STANDARD = "gnu++14";
				CLANG_CXX_LIBRARY = "libc++";
				CLANG_ENABLE_MODULES = YES;
				CLANG_ENABLE_OBJC_ARC = YES;
				CLANG_ENABLE_OBJC_WEAK = YES;
				CLANG_WARN_BLOCK_CAPTURE_AUTORELEASING = YES;
				CLANG_WARN_BOOL_CONVERSION = YES;
				CLANG_WARN_COMMA = YES;
				CLANG_WARN_CONSTANT_CONVERSION = YES;
				CLANG_WARN_DEPRECATED_OBJC_IMPLEMENTATIONS = YES;
				CLANG_WARN_DIRECT_OBJC_ISA_USAGE = YES_ERROR;
				CLANG_WARN_DOCUMENTATION_COMMENTS = YES;
				CLANG_WARN_EMPTY_BODY = YES;
				CLANG_WARN_ENUM_CONVERSION = YES;
				CLANG_WARN_INFINITE_RECURSION = YES;
				CLANG_WARN_INT_CONVERSION = YES;
				CLANG_WARN_NON_LITERAL_NULL_CONVERSION = YES;
				CLANG_WARN_OBJC_IMPLICIT_RETAIN_SELF = YES;
				CLANG_WARN_OBJC_LITERAL_CONVERSION = YES;
				CLANG_WARN_OBJC_ROOT_CLASS = YES_ERROR;
				CLANG_WARN_QUOTED_INCLUDE_IN_FRAMEWORK_HEADER = YES;
				CLANG_WARN_RANGE_LOOP_ANALYSIS = YES;
				CLANG_WARN_STRICT_PROTOTYPES = YES;
				CLANG_WARN_SUSPICIOUS_MOVE = YES;
				CLANG_WARN_UNGUARDED_AVAILABILITY = YES_AGGRESSIVE;
				CLANG_WARN_UNREACHABLE_CODE = YES;
				CLANG_WARN__DUPLICATE_METHOD_MATCH = YES;
				COPY_PHASE_STRIP = NO;
				DEBUG_INFORMATION_FORMAT = "dwarf-with-dsym";
				ENABLE_NS_ASSERTIONS = NO;
				ENABLE_STRICT_OBJC_MSGSEND = YES;
				GCC_C_LANGUAGE_STANDARD = gnu11;
				GCC_NO_COMMON_BLOCKS = YES;
				GCC_WARN_64_TO_32_BIT_CONVERSION = YES;
				GCC_WARN_ABOUT_RETURN_TYPE = YES_ERROR;
				GCC_WARN_UNDECLARED_SELECTOR = YES;
				GCC_WARN_UNINITIALIZED_AUTOS = YES_AGGRESSIVE;
				GCC_WARN_UNUSED_FUNCTION = YES;
				GCC_WARN_UNUSED_VARIABLE = YES;
				IPHONEOS_DEPLOYMENT_TARGET = 14.4;
				MTL_ENABLE_DEBUG_INFO = NO;
				MTL_FAST_MATH = YES;
				SDKROOT = iphoneos;
				SWIFT_COMPILATION_MODE = wholemodule;
				SWIFT_OPTIMIZATION_LEVEL = "-O";
				VALIDATE_PRODUCT = YES;
			};
			name = Release;
		};
		64606AA925DCCE4A00AA1191 /* Debug */ = {
			isa = XCBuildConfiguration;
			baseConfigurationReference = 9BD2B9B41B48B09E10EC9F98 /* Pods-flixster2.debug.xcconfig */;
			buildSettings = {
				ASSETCATALOG_COMPILER_APPICON_NAME = AppIcon;
				ASSETCATALOG_COMPILER_GLOBAL_ACCENT_COLOR_NAME = AccentColor;
				CODE_SIGN_STYLE = Automatic;
				INFOPLIST_FILE = flixster2/Info.plist;
				LD_RUNPATH_SEARCH_PATHS = (
					"$(inherited)",
					"@executable_path/Frameworks",
				);
				PRODUCT_BUNDLE_IDENTIFIER = "luisrent84-gmail.com.flixster2";
				PRODUCT_NAME = "$(TARGET_NAME)";
				SWIFT_VERSION = 5.0;
				TARGETED_DEVICE_FAMILY = "1,2";
			};
			name = Debug;
		};
		64606AAA25DCCE4A00AA1191 /* Release */ = {
			isa = XCBuildConfiguration;
			baseConfigurationReference = 5B7E49C573200C5D16D2E6CF /* Pods-flixster2.release.xcconfig */;
			buildSettings = {
				ASSETCATALOG_COMPILER_APPICON_NAME = AppIcon;
				ASSETCATALOG_COMPILER_GLOBAL_ACCENT_COLOR_NAME = AccentColor;
				CODE_SIGN_STYLE = Automatic;
				INFOPLIST_FILE = flixster2/Info.plist;
				LD_RUNPATH_SEARCH_PATHS = (
					"$(inherited)",
					"@executable_path/Frameworks",
				);
				PRODUCT_BUNDLE_IDENTIFIER = "luisrent84-gmail.com.flixster2";
				PRODUCT_NAME = "$(TARGET_NAME)";
				SWIFT_VERSION = 5.0;
				TARGETED_DEVICE_FAMILY = "1,2";
			};
			name = Release;
		};
		64606AAC25DCCE4B00AA1191 /* Debug */ = {
			isa = XCBuildConfiguration;
			baseConfigurationReference = 6042491BCD853A2AE310E73E /* Pods-flixster2Tests.debug.xcconfig */;
			buildSettings = {
				ALWAYS_EMBED_SWIFT_STANDARD_LIBRARIES = YES;
				BUNDLE_LOADER = "$(TEST_HOST)";
				CODE_SIGN_STYLE = Automatic;
				INFOPLIST_FILE = flixster2Tests/Info.plist;
				IPHONEOS_DEPLOYMENT_TARGET = 14.4;
				LD_RUNPATH_SEARCH_PATHS = (
					"$(inherited)",
					"@executable_path/Frameworks",
					"@loader_path/Frameworks",
				);
				PRODUCT_BUNDLE_IDENTIFIER = "luisrent84-gmail.com.flixster2Tests";
				PRODUCT_NAME = "$(TARGET_NAME)";
				SWIFT_VERSION = 5.0;
				TARGETED_DEVICE_FAMILY = "1,2";
				TEST_HOST = "$(BUILT_PRODUCTS_DIR)/flixster2.app/flixster2";
			};
			name = Debug;
		};
		64606AAD25DCCE4B00AA1191 /* Release */ = {
			isa = XCBuildConfiguration;
			baseConfigurationReference = 4EB57C472838A063BC973C07 /* Pods-flixster2Tests.release.xcconfig */;
			buildSettings = {
				ALWAYS_EMBED_SWIFT_STANDARD_LIBRARIES = YES;
				BUNDLE_LOADER = "$(TEST_HOST)";
				CODE_SIGN_STYLE = Automatic;
				INFOPLIST_FILE = flixster2Tests/Info.plist;
				IPHONEOS_DEPLOYMENT_TARGET = 14.4;
				LD_RUNPATH_SEARCH_PATHS = (
					"$(inherited)",
					"@executable_path/Frameworks",
					"@loader_path/Frameworks",
				);
				PRODUCT_BUNDLE_IDENTIFIER = "luisrent84-gmail.com.flixster2Tests";
				PRODUCT_NAME = "$(TARGET_NAME)";
				SWIFT_VERSION = 5.0;
				TARGETED_DEVICE_FAMILY = "1,2";
				TEST_HOST = "$(BUILT_PRODUCTS_DIR)/flixster2.app/flixster2";
			};
			name = Release;
		};
		64606AAF25DCCE4B00AA1191 /* Debug */ = {
			isa = XCBuildConfiguration;
			baseConfigurationReference = DD97B050CA2E0E549F57760B /* Pods-flixster2-flixster2UITests.debug.xcconfig */;
			buildSettings = {
				ALWAYS_EMBED_SWIFT_STANDARD_LIBRARIES = YES;
				CODE_SIGN_STYLE = Automatic;
				INFOPLIST_FILE = flixster2UITests/Info.plist;
				LD_RUNPATH_SEARCH_PATHS = (
					"$(inherited)",
					"@executable_path/Frameworks",
					"@loader_path/Frameworks",
				);
				PRODUCT_BUNDLE_IDENTIFIER = "luisrent84-gmail.com.flixster2UITests";
				PRODUCT_NAME = "$(TARGET_NAME)";
				SWIFT_VERSION = 5.0;
				TARGETED_DEVICE_FAMILY = "1,2";
				TEST_TARGET_NAME = flixster2;
			};
			name = Debug;
		};
		64606AB025DCCE4B00AA1191 /* Release */ = {
			isa = XCBuildConfiguration;
			baseConfigurationReference = D907AE9F7567E62717B2A3D4 /* Pods-flixster2-flixster2UITests.release.xcconfig */;
			buildSettings = {
				ALWAYS_EMBED_SWIFT_STANDARD_LIBRARIES = YES;
				CODE_SIGN_STYLE = Automatic;
				INFOPLIST_FILE = flixster2UITests/Info.plist;
				LD_RUNPATH_SEARCH_PATHS = (
					"$(inherited)",
					"@executable_path/Frameworks",
					"@loader_path/Frameworks",
				);
				PRODUCT_BUNDLE_IDENTIFIER = "luisrent84-gmail.com.flixster2UITests";
				PRODUCT_NAME = "$(TARGET_NAME)";
				SWIFT_VERSION = 5.0;
				TARGETED_DEVICE_FAMILY = "1,2";
				TEST_TARGET_NAME = flixster2;
			};
			name = Release;
		};
/* End XCBuildConfiguration section */

/* Begin XCConfigurationList section */
		64606A7925DCCE4A00AA1191 /* Build configuration list for PBXProject "flixster2" */ = {
			isa = XCConfigurationList;
			buildConfigurations = (
				64606AA625DCCE4A00AA1191 /* Debug */,
				64606AA725DCCE4A00AA1191 /* Release */,
			);
			defaultConfigurationIsVisible = 0;
			defaultConfigurationName = Release;
		};
		64606AA825DCCE4A00AA1191 /* Build configuration list for PBXNativeTarget "flixster2" */ = {
			isa = XCConfigurationList;
			buildConfigurations = (
				64606AA925DCCE4A00AA1191 /* Debug */,
				64606AAA25DCCE4A00AA1191 /* Release */,
			);
			defaultConfigurationIsVisible = 0;
			defaultConfigurationName = Release;
		};
		64606AAB25DCCE4B00AA1191 /* Build configuration list for PBXNativeTarget "flixster2Tests" */ = {
			isa = XCConfigurationList;
			buildConfigurations = (
				64606AAC25DCCE4B00AA1191 /* Debug */,
				64606AAD25DCCE4B00AA1191 /* Release */,
			);
			defaultConfigurationIsVisible = 0;
			defaultConfigurationName = Release;
		};
		64606AAE25DCCE4B00AA1191 /* Build configuration list for PBXNativeTarget "flixster2UITests" */ = {
			isa = XCConfigurationList;
			buildConfigurations = (
				64606AAF25DCCE4B00AA1191 /* Debug */,
				64606AB025DCCE4B00AA1191 /* Release */,
			);
			defaultConfigurationIsVisible = 0;
			defaultConfigurationName = Release;
		};
/* End XCConfigurationList section */
	};
	rootObject = 64606A7625DCCE4A00AA1191 /* Project object */;
}
